PODS:
  - Alamofire (5.5.0)
  - Differentiator (5.0.0)
  - IQKeyboardManagerSwift (6.5.9)
  - Kingfisher (7.1.2)
  - RxCocoa (6.5.0):
    - RxRelay (= 6.5.0)
    - RxSwift (= 6.5.0)
  - RxDataSources (5.0.0):
    - Differentiator (~> 5.0)
    - RxCocoa (~> 6.0)
    - RxSwift (~> 6.0)
  - RxRelay (6.5.0):
    - RxSwift (= 6.5.0)
  - RxSwift (6.5.0)
  - SVProgressHUD (2.2.5)
  - Swinject (2.7.1)
  - SwinjectAutoregistration (2.8.1):
    - Swinject (= 2.7.1)

DEPENDENCIES:
  - Alamofire (= 5.5.0)
  - IQKeyboardManagerSwift
  - Kingfisher
  - RxCocoa
  - RxDataSources
  - RxSwift
  - SVProgressHUD
  - Swinject
  - SwinjectAutoregistration

SPEC REPOS:
  trunk:
    - Alamofire
    - Differentiator
    - IQKeyboardManagerSwift
    - Kingfisher
    - RxCocoa
    - RxDataSources
    - RxRelay
    - RxSwift
    - SVProgressHUD
    - Swinject
    - SwinjectAutoregistration

SPEC CHECKSUMS:
  Alamofire: 1c4fb5369c3fe93d2857c780d8bbe09f06f97e7c
  Differentiator: e8497ceab83c1b10ca233716d547b9af21b9344d
  IQKeyboardManagerSwift: 6e839c575c4aa1078d58a596e41244e77abe918f
  Kingfisher: 44ed6a8504763f27bab46163adfac83f5deb240c
  RxCocoa: 94f817b71c07517321eb4f9ad299112ca8af743b
  RxDataSources: aa47cc1ed6c500fa0dfecac5c979b723542d79cf
  RxRelay: 1de1523e604c72b6c68feadedd1af3b1b4d0ecbd
  RxSwift: 5710a9e6b17f3c3d6e40d6e559b9fa1e813b2ef8
  SVProgressHUD: 1428aafac632c1f86f62aa4243ec12008d7a51d6
  Swinject: ddf78b8486dd9b71a667b852cad919ab4484478e
  SwinjectAutoregistration: e83e362da3ca9c64a68290e89efbc40e378dff12

PODFILE CHECKSUM: c2b8959ce8d695cd8b54c01f33f779127a606bff

COCOAPODS: 1.11.2
